
Microsoft Visual Studio Solution File, Format Version 12.00
# Visual Studio Version 17
VisualStudioVersion = 17.0.31903.59
MinimumVisualStudioVersion = 10.0.40219.1
Project("{2150E333-8FDC-42A3-9474-1A3956D46DE8}") = "src", "src", "{0D30CC22-BDE4-4870-BD64-C7B47BD76538}"
EndProject
Project("{2150E333-8FDC-42A3-9474-1A3956D46DE8}") = "test", "test", "{C0D337A9-6926-4BE7-B056-776DE96F4379}"
EndProject
Project("{2150E333-8FDC-42A3-9474-1A3956D46DE8}") = "0. Shared", "0. Shared", "{7559270B-7E84-4A0C-80D6-9F3FE36CE403}"
EndProject
Project("{9A19103F-16F7-4668-BE54-9A1E7A4F7556}") = "Monitoring.Common", "src\Monitoring.Common\Monitoring.Common.csproj", "{C3BFB31A-4E2A-4003-949C-58455113E680}"
EndProject
Project("{2150E333-8FDC-42A3-9474-1A3956D46DE8}") = "1. Domian", "1. Domian", "{B3A59356-8147-4D89-ACAC-9FFA073EAF28}"
EndProject
Project("{9A19103F-16F7-4668-BE54-9A1E7A4F7556}") = "Monitoring.Domain", "src\Monitoring.Domain\Monitoring.Domain.csproj", "{39F4C52D-680F-4368-9960-29CA6596E687}"
EndProject
Project("{2150E333-8FDC-42A3-9474-1A3956D46DE8}") = "2. Application", "2. Application", "{07D68ED8-F567-477C-990F-50D82F5FC2A2}"
EndProject
Project("{2150E333-8FDC-42A3-9474-1A3956D46DE8}") = "3. Infrastruction", "3. Infrastruction", "{B545B600-F485-4539-BFFD-495BBB24D32A}"
EndProject
Project("{2150E333-8FDC-42A3-9474-1A3956D46DE8}") = "4. Api", "4. Api", "{CD4BC94F-C189-4291-B3E2-4D6EDAD6308B}"
EndProject
Project("{9A19103F-16F7-4668-BE54-9A1E7A4F7556}") = "Monitoring.Application", "src\Monitoring.Application\Monitoring.Application.csproj", "{03AD2C01-C26E-40BD-893E-6F81DAFE79DA}"
EndProject
Project("{9A19103F-16F7-4668-BE54-9A1E7A4F7556}") = "Monitoring.Api", "src\Monitoring.Api\Monitoring.Api.csproj", "{086312AC-F69C-45BF-8BE8-7AE93E583AA6}"
EndProject
Project("{9A19103F-16F7-4668-BE54-9A1E7A4F7556}") = "Monitoring.Infrastructure", "src\Monitoring.Infrastructure\Monitoring.Infrastructure.csproj", "{9CB3C7C8-2981-4344-B36E-F9511B4BF923}"
EndProject
Project("{E53339B2-1760-4266-BCC7-CA923CBCF16C}") = "docker-compose", "docker-compose.dcproj", "{0AB92470-3153-4A89-A823-1505C46E2154}"
EndProject
Global
	GlobalSection(SolutionConfigurationPlatforms) = preSolution
		Debug|Any CPU = Debug|Any CPU
		Release|Any CPU = Release|Any CPU
	EndGlobalSection
	GlobalSection(ProjectConfigurationPlatforms) = postSolution
		{C3BFB31A-4E2A-4003-949C-58455113E680}.Debug|Any CPU.ActiveCfg = Debug|Any CPU
		{C3BFB31A-4E2A-4003-949C-58455113E680}.Debug|Any CPU.Build.0 = Debug|Any CPU
		{C3BFB31A-4E2A-4003-949C-58455113E680}.Release|Any CPU.ActiveCfg = Release|Any CPU
		{C3BFB31A-4E2A-4003-949C-58455113E680}.Release|Any CPU.Build.0 = Release|Any CPU
		{39F4C52D-680F-4368-9960-29CA6596E687}.Debug|Any CPU.ActiveCfg = Debug|Any CPU
		{39F4C52D-680F-4368-9960-29CA6596E687}.Debug|Any CPU.Build.0 = Debug|Any CPU
		{39F4C52D-680F-4368-9960-29CA6596E687}.Release|Any CPU.ActiveCfg = Release|Any CPU
		{39F4C52D-680F-4368-9960-29CA6596E687}.Release|Any CPU.Build.0 = Release|Any CPU
		{03AD2C01-C26E-40BD-893E-6F81DAFE79DA}.Debug|Any CPU.ActiveCfg = Debug|Any CPU
		{03AD2C01-C26E-40BD-893E-6F81DAFE79DA}.Debug|Any CPU.Build.0 = Debug|Any CPU
		{03AD2C01-C26E-40BD-893E-6F81DAFE79DA}.Release|Any CPU.ActiveCfg = Release|Any CPU
		{03AD2C01-C26E-40BD-893E-6F81DAFE79DA}.Release|Any CPU.Build.0 = Release|Any CPU
		{086312AC-F69C-45BF-8BE8-7AE93E583AA6}.Debug|Any CPU.ActiveCfg = Debug|Any CPU
		{086312AC-F69C-45BF-8BE8-7AE93E583AA6}.Debug|Any CPU.Build.0 = Debug|Any CPU
		{086312AC-F69C-45BF-8BE8-7AE93E583AA6}.Release|Any CPU.ActiveCfg = Release|Any CPU
		{086312AC-F69C-45BF-8BE8-7AE93E583AA6}.Release|Any CPU.Build.0 = Release|Any CPU
		{9CB3C7C8-2981-4344-B36E-F9511B4BF923}.Debug|Any CPU.ActiveCfg = Debug|Any CPU
		{9CB3C7C8-2981-4344-B36E-F9511B4BF923}.Debug|Any CPU.Build.0 = Debug|Any CPU
		{9CB3C7C8-2981-4344-B36E-F9511B4BF923}.Release|Any CPU.ActiveCfg = Release|Any CPU
		{9CB3C7C8-2981-4344-B36E-F9511B4BF923}.Release|Any CPU.Build.0 = Release|Any CPU
		{0AB92470-3153-4A89-A823-1505C46E2154}.Debug|Any CPU.ActiveCfg = Debug|Any CPU
		{0AB92470-3153-4A89-A823-1505C46E2154}.Debug|Any CPU.Build.0 = Debug|Any CPU
		{0AB92470-3153-4A89-A823-1505C46E2154}.Release|Any CPU.ActiveCfg = Release|Any CPU
		{0AB92470-3153-4A89-A823-1505C46E2154}.Release|Any CPU.Build.0 = Release|Any CPU
	EndGlobalSection
	GlobalSection(SolutionProperties) = preSolution
		HideSolutionNode = FALSE
	EndGlobalSection
	GlobalSection(NestedProjects) = preSolution
		{7559270B-7E84-4A0C-80D6-9F3FE36CE403} = {0D30CC22-BDE4-4870-BD64-C7B47BD76538}
		{C3BFB31A-4E2A-4003-949C-58455113E680} = {7559270B-7E84-4A0C-80D6-9F3FE36CE403}
		{B3A59356-8147-4D89-ACAC-9FFA073EAF28} = {0D30CC22-BDE4-4870-BD64-C7B47BD76538}
		{39F4C52D-680F-4368-9960-29CA6596E687} = {B3A59356-8147-4D89-ACAC-9FFA073EAF28}
		{07D68ED8-F567-477C-990F-50D82F5FC2A2} = {0D30CC22-BDE4-4870-BD64-C7B47BD76538}
		{B545B600-F485-4539-BFFD-495BBB24D32A} = {0D30CC22-BDE4-4870-BD64-C7B47BD76538}
		{CD4BC94F-C189-4291-B3E2-4D6EDAD6308B} = {0D30CC22-BDE4-4870-BD64-C7B47BD76538}
		{03AD2C01-C26E-40BD-893E-6F81DAFE79DA} = {07D68ED8-F567-477C-990F-50D82F5FC2A2}
		{086312AC-F69C-45BF-8BE8-7AE93E583AA6} = {CD4BC94F-C189-4291-B3E2-4D6EDAD6308B}
		{9CB3C7C8-2981-4344-B36E-F9511B4BF923} = {B545B600-F485-4539-BFFD-495BBB24D32A}
	EndGlobalSection
	GlobalSection(ExtensibilityGlobals) = postSolution
		SolutionGuid = {4BED09D4-3034-4482-87F0-8F7328D4E461}
	EndGlobalSection
EndGlobal
